PODS:
  - CryptoSwift (1.3.1)
  - Kingfisher (5.13.1):
    - Kingfisher/Core (= 5.13.1)
  - Kingfisher/Core (5.13.1)
  - Socket.IO-Client-Swift (15.2.0):
    - Starscream (~> 3.1)
  - Starscream (3.1.1)

DEPENDENCIES:
  - CryptoSwift
  - Kingfisher
  - Socket.IO-Client-Swift

SPEC REPOS:
  trunk:
    - CryptoSwift
    - Kingfisher
    - Socket.IO-Client-Swift
    - Starscream

SPEC CHECKSUMS:
  CryptoSwift: f12f037f6d0fcd6d48c96db0071b653de64e6c4d
  Kingfisher: f33a848445e33c543620812158dc5d47f6bf90df
  Socket.IO-Client-Swift: 1e3e3a1f09f3312a167f0d781eb2f383d477357c
  Starscream: 4bb2f9942274833f7b4d296a55504dcfc7edb7b0

PODFILE CHECKSUM: 0cfcbaa1b7a5635200e71f4cbc8f7ec5902f9574

COCOAPODS: 1.8.4
